
Microsoft Visual Studio Solution File, Format Version 12.00
# Visual Studio Version 16
VisualStudioVersion = 16.0.29230.61
MinimumVisualStudioVersion = 15.0.26228.9
Project("{9A19103F-16F7-4668-BE54-9A1E7A4F7556}") = "SuccincT", "src\SuccincT\SuccincT.csproj", "{23A68981-A42D-471D-AE34-3481D8551C1E}"
EndProject
Project("{9A19103F-16F7-4668-BE54-9A1E7A4F7556}") = "SuccincT.Tests", "tests\SuccincT.Tests\SuccincT.Tests.csproj", "{7295200E-9754-4F3C-B003-7C7766D8E5BE}"
EndProject
Project("{9A19103F-16F7-4668-BE54-9A1E7A4F7556}") = "SuccincT.Examples", "tests\SuccincT.Examples\SuccincT.Examples.csproj", "{337EE74A-9071-4007-A4F5-36C03E2ECEAE}"
EndProject
Project("{9A19103F-16F7-4668-BE54-9A1E7A4F7556}") = "SuccincT.JSON", "src\SuccincT.JSON\SuccincT.JSON.csproj", "{04405AAE-24A0-4EF5-8F36-5F1B4E52D067}"
EndProject
Project("{9A19103F-16F7-4668-BE54-9A1E7A4F7556}") = "SuccincT.Tests.JSON", "tests\SuccincT.Tests.JSON\SuccincT.Tests.JSON.csproj", "{F7ED3141-5359-4D89-856B-9195CAD168AE}"
EndProject
Project("{2150E333-8FDC-42A3-9474-1A3956D46DE8}") = "src", "src", "{F70B33F7-F42B-4DCC-8B5C-47B4A4577EFA}"
EndProject
Project("{2150E333-8FDC-42A3-9474-1A3956D46DE8}") = "tests", "tests", "{B55F5C81-4B73-4DA7-A2A6-1D7E79124467}"
EndProject
Global
	GlobalSection(SolutionConfigurationPlatforms) = preSolution
		Debug|Any CPU = Debug|Any CPU
		Release|Any CPU = Release|Any CPU
	EndGlobalSection
	GlobalSection(ProjectConfigurationPlatforms) = postSolution
		{23A68981-A42D-471D-AE34-3481D8551C1E}.Debug|Any CPU.ActiveCfg = Debug|Any CPU
		{23A68981-A42D-471D-AE34-3481D8551C1E}.Debug|Any CPU.Build.0 = Debug|Any CPU
		{23A68981-A42D-471D-AE34-3481D8551C1E}.Release|Any CPU.ActiveCfg = Release|Any CPU
		{23A68981-A42D-471D-AE34-3481D8551C1E}.Release|Any CPU.Build.0 = Release|Any CPU
		{7295200E-9754-4F3C-B003-7C7766D8E5BE}.Debug|Any CPU.ActiveCfg = Debug|Any CPU
		{7295200E-9754-4F3C-B003-7C7766D8E5BE}.Debug|Any CPU.Build.0 = Debug|Any CPU
		{7295200E-9754-4F3C-B003-7C7766D8E5BE}.Release|Any CPU.ActiveCfg = Release|Any CPU
		{7295200E-9754-4F3C-B003-7C7766D8E5BE}.Release|Any CPU.Build.0 = Release|Any CPU
		{337EE74A-9071-4007-A4F5-36C03E2ECEAE}.Debug|Any CPU.ActiveCfg = Debug|Any CPU
		{337EE74A-9071-4007-A4F5-36C03E2ECEAE}.Debug|Any CPU.Build.0 = Debug|Any CPU
		{337EE74A-9071-4007-A4F5-36C03E2ECEAE}.Release|Any CPU.ActiveCfg = Release|Any CPU
		{337EE74A-9071-4007-A4F5-36C03E2ECEAE}.Release|Any CPU.Build.0 = Release|Any CPU
		{04405AAE-24A0-4EF5-8F36-5F1B4E52D067}.Debug|Any CPU.ActiveCfg = Debug|Any CPU
		{04405AAE-24A0-4EF5-8F36-5F1B4E52D067}.Debug|Any CPU.Build.0 = Debug|Any CPU
		{04405AAE-24A0-4EF5-8F36-5F1B4E52D067}.Release|Any CPU.ActiveCfg = Release|Any CPU
		{04405AAE-24A0-4EF5-8F36-5F1B4E52D067}.Release|Any CPU.Build.0 = Release|Any CPU
		{F7ED3141-5359-4D89-856B-9195CAD168AE}.Debug|Any CPU.ActiveCfg = Debug|Any CPU
		{F7ED3141-5359-4D89-856B-9195CAD168AE}.Debug|Any CPU.Build.0 = Debug|Any CPU
		{F7ED3141-5359-4D89-856B-9195CAD168AE}.Release|Any CPU.ActiveCfg = Release|Any CPU
		{F7ED3141-5359-4D89-856B-9195CAD168AE}.Release|Any CPU.Build.0 = Release|Any CPU
	EndGlobalSection
	GlobalSection(SolutionProperties) = preSolution
		HideSolutionNode = FALSE
	EndGlobalSection
	GlobalSection(NestedProjects) = preSolution
		{23A68981-A42D-471D-AE34-3481D8551C1E} = {F70B33F7-F42B-4DCC-8B5C-47B4A4577EFA}
		{7295200E-9754-4F3C-B003-7C7766D8E5BE} = {B55F5C81-4B73-4DA7-A2A6-1D7E79124467}
		{337EE74A-9071-4007-A4F5-36C03E2ECEAE} = {B55F5C81-4B73-4DA7-A2A6-1D7E79124467}
		{04405AAE-24A0-4EF5-8F36-5F1B4E52D067} = {F70B33F7-F42B-4DCC-8B5C-47B4A4577EFA}
		{F7ED3141-5359-4D89-856B-9195CAD168AE} = {B55F5C81-4B73-4DA7-A2A6-1D7E79124467}
	EndGlobalSection
	GlobalSection(ExtensibilityGlobals) = postSolution
		SolutionGuid = {BBD05F32-A8B7-4973-B218-0604C5F560B0}
	EndGlobalSection
EndGlobal
