
Microsoft Visual Studio Solution File, Format Version 12.00
# Visual Studio 15
VisualStudioVersion = 15.0.26228.9
MinimumVisualStudioVersion = 10.0.40219.1
Project("{FAE04EC0-301F-11D3-BF4B-00C04F79EFBC}") = "SuccincT", "src\SuccincT\SuccincT.csproj", "{23A68981-A42D-471D-AE34-3481D8551C1E}"
EndProject
Project("{FAE04EC0-301F-11D3-BF4B-00C04F79EFBC}") = "SuccincTTests", "SuccincTTests\SuccincTTests.csproj", "{7295200E-9754-4F3C-B003-7C7766D8E5BE}"
EndProject
Project("{FAE04EC0-301F-11D3-BF4B-00C04F79EFBC}") = "SuccincTExamples", "Examples\SuccincTExamples.csproj", "{337EE74A-9071-4007-A4F5-36C03E2ECEAE}"
EndProject
Project("{FAE04EC0-301F-11D3-BF4B-00C04F79EFBC}") = "SuccincT.JSON", "src\SuccincT.JSON\SuccincT.JSON.csproj", "{04405AAE-24A0-4EF5-8F36-5F1B4E52D067}"
EndProject
Project("{9A19103F-16F7-4668-BE54-9A1E7A4F7556}") = "SuccincT.Build.Metadata", "build\SuccincT.Build.Metadata\SuccincT.Build.Metadata.csproj", "{905B6DA4-7009-4E4F-9D75-2AD1832BC9DE}"
EndProject
Project("{9A19103F-16F7-4668-BE54-9A1E7A4F7556}") = "SuccincT.Build.Packager", "build\SuccincT.Build.Packager\SuccincT.Build.Packager.csproj", "{EB4F190A-A591-4284-82A6-EE2A5616E29F}"
EndProject
Global
	GlobalSection(SolutionConfigurationPlatforms) = preSolution
		Debug|Any CPU = Debug|Any CPU
		Release|Any CPU = Release|Any CPU
	EndGlobalSection
	GlobalSection(ProjectConfigurationPlatforms) = postSolution
		{23A68981-A42D-471D-AE34-3481D8551C1E}.Debug|Any CPU.ActiveCfg = Debug|Any CPU
		{23A68981-A42D-471D-AE34-3481D8551C1E}.Debug|Any CPU.Build.0 = Debug|Any CPU
		{23A68981-A42D-471D-AE34-3481D8551C1E}.Release|Any CPU.ActiveCfg = Release|Any CPU
		{23A68981-A42D-471D-AE34-3481D8551C1E}.Release|Any CPU.Build.0 = Release|Any CPU
		{7295200E-9754-4F3C-B003-7C7766D8E5BE}.Debug|Any CPU.ActiveCfg = Debug|Any CPU
		{7295200E-9754-4F3C-B003-7C7766D8E5BE}.Debug|Any CPU.Build.0 = Debug|Any CPU
		{7295200E-9754-4F3C-B003-7C7766D8E5BE}.Release|Any CPU.ActiveCfg = Release|Any CPU
		{7295200E-9754-4F3C-B003-7C7766D8E5BE}.Release|Any CPU.Build.0 = Release|Any CPU
		{337EE74A-9071-4007-A4F5-36C03E2ECEAE}.Debug|Any CPU.ActiveCfg = Debug|Any CPU
		{337EE74A-9071-4007-A4F5-36C03E2ECEAE}.Debug|Any CPU.Build.0 = Debug|Any CPU
		{337EE74A-9071-4007-A4F5-36C03E2ECEAE}.Release|Any CPU.ActiveCfg = Release|Any CPU
		{337EE74A-9071-4007-A4F5-36C03E2ECEAE}.Release|Any CPU.Build.0 = Release|Any CPU
		{04405AAE-24A0-4EF5-8F36-5F1B4E52D067}.Debug|Any CPU.ActiveCfg = Debug|Any CPU
		{04405AAE-24A0-4EF5-8F36-5F1B4E52D067}.Debug|Any CPU.Build.0 = Debug|Any CPU
		{04405AAE-24A0-4EF5-8F36-5F1B4E52D067}.Release|Any CPU.ActiveCfg = Release|Any CPU
		{04405AAE-24A0-4EF5-8F36-5F1B4E52D067}.Release|Any CPU.Build.0 = Release|Any CPU
		{905B6DA4-7009-4E4F-9D75-2AD1832BC9DE}.Debug|Any CPU.ActiveCfg = Debug|Any CPU
		{905B6DA4-7009-4E4F-9D75-2AD1832BC9DE}.Debug|Any CPU.Build.0 = Debug|Any CPU
		{905B6DA4-7009-4E4F-9D75-2AD1832BC9DE}.Release|Any CPU.ActiveCfg = Release|Any CPU
		{905B6DA4-7009-4E4F-9D75-2AD1832BC9DE}.Release|Any CPU.Build.0 = Release|Any CPU
		{EB4F190A-A591-4284-82A6-EE2A5616E29F}.Debug|Any CPU.ActiveCfg = Debug|Any CPU
		{EB4F190A-A591-4284-82A6-EE2A5616E29F}.Debug|Any CPU.Build.0 = Debug|Any CPU
		{EB4F190A-A591-4284-82A6-EE2A5616E29F}.Release|Any CPU.ActiveCfg = Release|Any CPU
		{EB4F190A-A591-4284-82A6-EE2A5616E29F}.Release|Any CPU.Build.0 = Release|Any CPU
	EndGlobalSection
	GlobalSection(SolutionProperties) = preSolution
		HideSolutionNode = FALSE
	EndGlobalSection
EndGlobal
